
Microsoft Visual Studio Solution File, Format Version 12.00
# Visual Studio 15
VisualStudioVersion = 15.0.26228.12
MinimumVisualStudioVersion = 10.0.40219.1
Project("{2150E333-8FDC-42A3-9474-1A3956D46DE8}") = "Tests", "Tests", "{B5CDA96D-55D5-47A3-BAE3-CAF57CC96DAD}"
EndProject
Project("{FAE04EC0-301F-11D3-BF4B-00C04F79EFBC}") = "HoneyBear.HalClient", "HoneyBear.HalClient\HoneyBear.HalClient.csproj", "{4510ECFA-6943-42AC-BE9E-C713BA870E1C}"
EndProject
Project("{FAE04EC0-301F-11D3-BF4B-00C04F79EFBC}") = "HoneyBear.HalClient.Unit.Tests", "HoneyBear.HalClient.Unit.Tests\HoneyBear.HalClient.Unit.Tests.csproj", "{BAAB438B-2191-46F1-902C-22D7D1786899}"
EndProject
Project("{FAE04EC0-301F-11D3-BF4B-00C04F79EFBC}") = "HoneyBear.HalClient.SampleApi.Host", "HoneyBear.HalClient.SampleApi.Host\HoneyBear.HalClient.SampleApi.Host.csproj", "{753367E7-07BF-4270-A662-F4603B5CC8B7}"
EndProject
Global
	GlobalSection(SolutionConfigurationPlatforms) = preSolution
		Debug|Any CPU = Debug|Any CPU
		Release|Any CPU = Release|Any CPU
	EndGlobalSection
	GlobalSection(ProjectConfigurationPlatforms) = postSolution
		{4510ECFA-6943-42AC-BE9E-C713BA870E1C}.Debug|Any CPU.ActiveCfg = Debug|Any CPU
		{4510ECFA-6943-42AC-BE9E-C713BA870E1C}.Debug|Any CPU.Build.0 = Debug|Any CPU
		{4510ECFA-6943-42AC-BE9E-C713BA870E1C}.Release|Any CPU.ActiveCfg = Release|Any CPU
		{4510ECFA-6943-42AC-BE9E-C713BA870E1C}.Release|Any CPU.Build.0 = Release|Any CPU
		{BAAB438B-2191-46F1-902C-22D7D1786899}.Debug|Any CPU.ActiveCfg = Debug|Any CPU
		{BAAB438B-2191-46F1-902C-22D7D1786899}.Debug|Any CPU.Build.0 = Debug|Any CPU
		{BAAB438B-2191-46F1-902C-22D7D1786899}.Release|Any CPU.ActiveCfg = Release|Any CPU
		{BAAB438B-2191-46F1-902C-22D7D1786899}.Release|Any CPU.Build.0 = Release|Any CPU
		{753367E7-07BF-4270-A662-F4603B5CC8B7}.Debug|Any CPU.ActiveCfg = Debug|Any CPU
		{753367E7-07BF-4270-A662-F4603B5CC8B7}.Debug|Any CPU.Build.0 = Debug|Any CPU
		{753367E7-07BF-4270-A662-F4603B5CC8B7}.Release|Any CPU.ActiveCfg = Release|Any CPU
		{753367E7-07BF-4270-A662-F4603B5CC8B7}.Release|Any CPU.Build.0 = Release|Any CPU
	EndGlobalSection
	GlobalSection(SolutionProperties) = preSolution
		HideSolutionNode = FALSE
	EndGlobalSection
	GlobalSection(NestedProjects) = preSolution
		{BAAB438B-2191-46F1-902C-22D7D1786899} = {B5CDA96D-55D5-47A3-BAE3-CAF57CC96DAD}
		{753367E7-07BF-4270-A662-F4603B5CC8B7} = {B5CDA96D-55D5-47A3-BAE3-CAF57CC96DAD}
	EndGlobalSection
EndGlobal
