
Microsoft Visual Studio Solution File, Format Version 12.00
# Visual Studio 14
VisualStudioVersion = 14.0.25420.1
MinimumVisualStudioVersion = 10.0.40219.1
Project("{2150E333-8FDC-42A3-9474-1A3956D46DE8}") = "Tests", "Tests", "{B5CDA96D-55D5-47A3-BAE3-CAF57CC96DAD}"
EndProject
Project("{8BB2217D-0F2D-49D1-97BC-3654ED321F3B}") = "HoneyBear.HalClient", "HoneyBear.HalClient\HoneyBear.HalClient.xproj", "{048AA506-06D4-482D-A42A-45678F63F7A0}"
EndProject
Project("{8BB2217D-0F2D-49D1-97BC-3654ED321F3B}") = "HoneyBear.HalClient.Unit.Tests", "HoneyBear.HalClient.Unit.Tests\HoneyBear.HalClient.Unit.Tests.xproj", "{317104FB-DB9B-4CED-9D33-E0DDF67E8FA4}"
EndProject
Global
	GlobalSection(SolutionConfigurationPlatforms) = preSolution
		Debug|Any CPU = Debug|Any CPU
		Release|Any CPU = Release|Any CPU
	EndGlobalSection
	GlobalSection(ProjectConfigurationPlatforms) = postSolution
		{048AA506-06D4-482D-A42A-45678F63F7A0}.Debug|Any CPU.ActiveCfg = Debug|Any CPU
		{048AA506-06D4-482D-A42A-45678F63F7A0}.Debug|Any CPU.Build.0 = Debug|Any CPU
		{048AA506-06D4-482D-A42A-45678F63F7A0}.Release|Any CPU.ActiveCfg = Release|Any CPU
		{048AA506-06D4-482D-A42A-45678F63F7A0}.Release|Any CPU.Build.0 = Release|Any CPU
		{317104FB-DB9B-4CED-9D33-E0DDF67E8FA4}.Debug|Any CPU.ActiveCfg = Debug|Any CPU
		{317104FB-DB9B-4CED-9D33-E0DDF67E8FA4}.Debug|Any CPU.Build.0 = Debug|Any CPU
		{317104FB-DB9B-4CED-9D33-E0DDF67E8FA4}.Release|Any CPU.ActiveCfg = Release|Any CPU
		{317104FB-DB9B-4CED-9D33-E0DDF67E8FA4}.Release|Any CPU.Build.0 = Release|Any CPU
	EndGlobalSection
	GlobalSection(SolutionProperties) = preSolution
		HideSolutionNode = FALSE
	EndGlobalSection
	GlobalSection(NestedProjects) = preSolution
		{317104FB-DB9B-4CED-9D33-E0DDF67E8FA4} = {B5CDA96D-55D5-47A3-BAE3-CAF57CC96DAD}
	EndGlobalSection
EndGlobal
